{
  "originHash" : "9e314e08495573d67b8b06fa98c649ee0aa82c0e9c5fd643b9b1e6f3442b4897",
  "pins" : [
    {
      "identity" : "aaronui",
      "kind" : "remoteSourceControl",
      "location" : "https://github.com/aaronhma/AaronUI.git",
      "state" : {
        "branch" : "main",
        "revision" : "aa4081083ca3cb29b893056986ead027693dc3d2"
      }
    }
  ],
  "version" : 3
}
